# Generated by buf. DO NOT EDIT.
version: v1
deps:
  - remote: buf.build
    owner: opentelemetry
    repository: opentelemetry
    commit: 3341592ed9fd48dfbeaa81f6aed9541d
    digest: shake256:a6dce02bbb21653891959e9300fee89bc6956290210be6b3c5c81f996a1264b46480e11cb84b3c4771f4c24aac89dc97ab412a1b8bfa01c36c280925380049c4
